
Microsoft Visual Studio Solution File, Format Version 12.00
# Visual Studio Version 16
VisualStudioVersion = 16.0.30804.86
MinimumVisualStudioVersion = 10.0.40219.1
Project("{9A19103F-16F7-4668-BE54-9A1E7A4F7556}") = "Demo.FunctionApp", "FunctionApp\Demo.FunctionApp.csproj", "{79D1B7D0-253D-4A6B-B354-DCC28480F8D8}"
EndProject
Project("{2150E333-8FDC-42A3-9474-1A3956D46DE8}") = "SolutionFiles", "SolutionFiles", "{16F7110A-227F-4F9D-9341-82BF6E380A09}"
	ProjectSection(SolutionItems) = preProject
		azure-pipelines.yml = azure-pipelines.yml
		README.md = README.md
	EndProjectSection
EndProject
Project("{151D2E53-A2C4-4D7D-83FE-D05416EBD58E}") = "Demo.ResourceGroup", "ResourceGroup\Demo.ResourceGroup.deployproj", "{8D34D621-9088-499C-857C-36F57D99B2B4}"
EndProject
Project("{FAE04EC0-301F-11D3-BF4B-00C04F79EFBC}") = "Demo.DAL", "DAL\Demo.DAL.csproj", "{40F7C3CC-6809-4249-977E-AB332F29DEE6}"
EndProject
Project("{00D1A9C2-B5F0-4AF3-8072-F6C62B433612}") = "Demo.DB", "Database\Demo.DB.sqlproj", "{443E7067-105D-4B3B-BD38-C5510602525D}"
EndProject
Project("{9A19103F-16F7-4668-BE54-9A1E7A4F7556}") = "Demo.WebJob", "WebJob\Demo.WebJob.csproj", "{CC6575C4-3E4D-4839-AC1E-F6573FAC82DA}"
EndProject
Global
	GlobalSection(SolutionConfigurationPlatforms) = preSolution
		Debug|Any CPU = Debug|Any CPU
		Release|Any CPU = Release|Any CPU
	EndGlobalSection
	GlobalSection(ProjectConfigurationPlatforms) = postSolution
		{79D1B7D0-253D-4A6B-B354-DCC28480F8D8}.Debug|Any CPU.ActiveCfg = Debug|Any CPU
		{79D1B7D0-253D-4A6B-B354-DCC28480F8D8}.Debug|Any CPU.Build.0 = Debug|Any CPU
		{79D1B7D0-253D-4A6B-B354-DCC28480F8D8}.Release|Any CPU.ActiveCfg = Release|Any CPU
		{79D1B7D0-253D-4A6B-B354-DCC28480F8D8}.Release|Any CPU.Build.0 = Release|Any CPU
		{8D34D621-9088-499C-857C-36F57D99B2B4}.Debug|Any CPU.ActiveCfg = Debug|Any CPU
		{8D34D621-9088-499C-857C-36F57D99B2B4}.Debug|Any CPU.Build.0 = Debug|Any CPU
		{8D34D621-9088-499C-857C-36F57D99B2B4}.Release|Any CPU.ActiveCfg = Release|Any CPU
		{8D34D621-9088-499C-857C-36F57D99B2B4}.Release|Any CPU.Build.0 = Release|Any CPU
		{40F7C3CC-6809-4249-977E-AB332F29DEE6}.Debug|Any CPU.ActiveCfg = Debug|Any CPU
		{40F7C3CC-6809-4249-977E-AB332F29DEE6}.Debug|Any CPU.Build.0 = Debug|Any CPU
		{40F7C3CC-6809-4249-977E-AB332F29DEE6}.Release|Any CPU.ActiveCfg = Release|Any CPU
		{40F7C3CC-6809-4249-977E-AB332F29DEE6}.Release|Any CPU.Build.0 = Release|Any CPU
		{443E7067-105D-4B3B-BD38-C5510602525D}.Debug|Any CPU.ActiveCfg = Debug|Any CPU
		{443E7067-105D-4B3B-BD38-C5510602525D}.Debug|Any CPU.Build.0 = Debug|Any CPU
		{443E7067-105D-4B3B-BD38-C5510602525D}.Debug|Any CPU.Deploy.0 = Debug|Any CPU
		{443E7067-105D-4B3B-BD38-C5510602525D}.Release|Any CPU.ActiveCfg = Release|Any CPU
		{443E7067-105D-4B3B-BD38-C5510602525D}.Release|Any CPU.Build.0 = Release|Any CPU
		{443E7067-105D-4B3B-BD38-C5510602525D}.Release|Any CPU.Deploy.0 = Release|Any CPU
		{CC6575C4-3E4D-4839-AC1E-F6573FAC82DA}.Debug|Any CPU.ActiveCfg = Debug|Any CPU
		{CC6575C4-3E4D-4839-AC1E-F6573FAC82DA}.Debug|Any CPU.Build.0 = Debug|Any CPU
		{CC6575C4-3E4D-4839-AC1E-F6573FAC82DA}.Release|Any CPU.ActiveCfg = Release|Any CPU
		{CC6575C4-3E4D-4839-AC1E-F6573FAC82DA}.Release|Any CPU.Build.0 = Release|Any CPU
	EndGlobalSection
	GlobalSection(SolutionProperties) = preSolution
		HideSolutionNode = FALSE
	EndGlobalSection
	GlobalSection(ExtensibilityGlobals) = postSolution
		SolutionGuid = {30B28C08-D48D-4947-8DB4-CBB6893A4122}
	EndGlobalSection
EndGlobal
